
Microsoft Visual Studio Solution File, Format Version 12.00
# Visual Studio Version 17
VisualStudioVersion = 17.9.34607.119
MinimumVisualStudioVersion = 10.0.40219.1
Project("{FAE04EC0-301F-11D3-BF4B-00C04F79EFBC}") = "StayScape", "StayScape\StayScape.csproj", "{031B0C7D-C5FD-4DC7-8FE6-ECA42E2F83AD}"
EndProject
Global
	GlobalSection(SolutionConfigurationPlatforms) = preSolution
		Debug|Any CPU = Debug|Any CPU
		Release|Any CPU = Release|Any CPU
	EndGlobalSection
	GlobalSection(ProjectConfigurationPlatforms) = postSolution
		{031B0C7D-C5FD-4DC7-8FE6-ECA42E2F83AD}.Debug|Any CPU.ActiveCfg = Debug|Any CPU
		{031B0C7D-C5FD-4DC7-8FE6-ECA42E2F83AD}.Debug|Any CPU.Build.0 = Debug|Any CPU
		{031B0C7D-C5FD-4DC7-8FE6-ECA42E2F83AD}.Release|Any CPU.ActiveCfg = Release|Any CPU
		{031B0C7D-C5FD-4DC7-8FE6-ECA42E2F83AD}.Release|Any CPU.Build.0 = Release|Any CPU
	EndGlobalSection
	GlobalSection(SolutionProperties) = preSolution
		HideSolutionNode = FALSE
	EndGlobalSection
	GlobalSection(ExtensibilityGlobals) = postSolution
		SolutionGuid = {E09FD1F5-CCE4-4DA3-99D4-1FE37E575F24}
	EndGlobalSection
EndGlobal
